
Microsoft Visual Studio Solution File, Format Version 12.00
# Visual Studio Version 16
VisualStudioVersion = 16.0.30128.74
MinimumVisualStudioVersion = 10.0.40219.1
Project("{8BC9CEB8-8B4A-11D0-8D11-00A0C91BC942}") = "cudaLab0", "cudaLab0\cudaLab0.vcxproj", "{99B261D6-800B-4542-B136-EF767CF3399A}"
EndProject
Global
	GlobalSection(SolutionConfigurationPlatforms) = preSolution
		Debug|x64 = Debug|x64
		Release|x64 = Release|x64
	EndGlobalSection
	GlobalSection(ProjectConfigurationPlatforms) = postSolution
		{99B261D6-800B-4542-B136-EF767CF3399A}.Debug|x64.ActiveCfg = Debug|x64
		{99B261D6-800B-4542-B136-EF767CF3399A}.Debug|x64.Build.0 = Debug|x64
		{99B261D6-800B-4542-B136-EF767CF3399A}.Release|x64.ActiveCfg = Release|x64
		{99B261D6-800B-4542-B136-EF767CF3399A}.Release|x64.Build.0 = Release|x64
	EndGlobalSection
	GlobalSection(SolutionProperties) = preSolution
		HideSolutionNode = FALSE
	EndGlobalSection
	GlobalSection(ExtensibilityGlobals) = postSolution
		SolutionGuid = {84F0A242-9A67-4FE4-ACC0-08CC9DA85687}
	EndGlobalSection
EndGlobal
