
Microsoft Visual Studio Solution File, Format Version 12.00
# Visual Studio Version 16
VisualStudioVersion = 16.0.30128.74
MinimumVisualStudioVersion = 10.0.40219.1
Project("{8BC9CEB8-8B4A-11D0-8D11-00A0C91BC942}") = "cudaLab1-PiCalc", "cudaLab1-PiCalc\cudaLab1-PiCalc.vcxproj", "{0E4EC80E-7B69-4D45-9951-E7C11FD7F671}"
EndProject
Global
	GlobalSection(SolutionConfigurationPlatforms) = preSolution
		Debug|x64 = Debug|x64
		Release|x64 = Release|x64
	EndGlobalSection
	GlobalSection(ProjectConfigurationPlatforms) = postSolution
		{0E4EC80E-7B69-4D45-9951-E7C11FD7F671}.Debug|x64.ActiveCfg = Debug|x64
		{0E4EC80E-7B69-4D45-9951-E7C11FD7F671}.Debug|x64.Build.0 = Debug|x64
		{0E4EC80E-7B69-4D45-9951-E7C11FD7F671}.Release|x64.ActiveCfg = Release|x64
		{0E4EC80E-7B69-4D45-9951-E7C11FD7F671}.Release|x64.Build.0 = Release|x64
	EndGlobalSection
	GlobalSection(SolutionProperties) = preSolution
		HideSolutionNode = FALSE
	EndGlobalSection
	GlobalSection(ExtensibilityGlobals) = postSolution
		SolutionGuid = {2700B17C-7B65-4BD1-B3DE-D49395930FA0}
	EndGlobalSection
EndGlobal
